{
  "name": "flim",
  "lockfileVersion": 3,
  "requires": true,
  "packages": {
    "": {
      "dependencies": {
        "@coracle.social/lib": "^0.0.4",
        "@coracle.social/network": "^0.0.7",
        "@coracle.social/util": "^0.0.6",
        "dotenv": "^16.4.5",
        "nikabrik": "^0.0.6"
      }
    },
    "node_modules/@coracle.social/lib": {
      "version": "0.0.4",
      "resolved": "https://registry.npmjs.org/@coracle.social/lib/-/lib-0.0.4.tgz",
      "integrity": "sha512-K4kYlXCZ90ZXPoHYdAhkzq8hjoe/vhVw2pB5XUI4Q/OCqI+h1/bJ4ubtLJV6j37figihjHPqkg3AnJZAYRlcfA==",
      "dependencies": {
        "@scure/base": "^1.1.6",
        "throttle-debounce": "^5.0.0"
      }
    },
    "node_modules/@coracle.social/lib/node_modules/@scure/base": {
      "version": "1.1.6",
      "resolved": "https://registry.npmjs.org/@scure/base/-/base-1.1.6.tgz",
      "integrity": "sha512-ok9AWwhcgYuGG3Zfhyqg+zwl+Wn5uE+dwC0NV/2qQkx4dABbb/bx96vWu8NSj+BNjjSjno+JRYRjle1jV08k3g==",
      "funding": {
        "url": "https://paulmillr.com/funding/"
      }
    },
    "node_modules/@coracle.social/network": {
      "version": "0.0.7",
      "resolved": "https://registry.npmjs.org/@coracle.social/network/-/network-0.0.7.tgz",
      "integrity": "sha512-/WDeQTZwKyzcWWkahE5nw4WoJlAi9rgk53DpJHKvfJ4FwjmMT9JWNETN0Y71/ovMuK++zanpXmYfD5gQ319OiA==",
      "dependencies": {
        "@coracle.social/lib": "^0.0.4",
        "@coracle.social/util": "^0.0.6",
        "isomorphic-ws": "^5.0.0",
        "ws": "^8.16.0"
      }
    },
    "node_modules/@coracle.social/util": {
      "version": "0.0.6",
      "resolved": "https://registry.npmjs.org/@coracle.social/util/-/util-0.0.6.tgz",
      "integrity": "sha512-LHr06XeHqXkwE0Kb/fMqgJnB4U47Wq7WD2fH5Ow4o+x4TWaPLlqrppBL9qN03KNfXB70uNvPsB1XB220wDlvkA==",
      "dependencies": {
        "@coracle.social/lib": "^0.0.4",
        "nostr-tools": "^2.3.2"
      }
    },
    "node_modules/@coracle.social/util/node_modules/@noble/ciphers": {
      "version": "0.5.2",
      "resolved": "https://registry.npmjs.org/@noble/ciphers/-/ciphers-0.5.2.tgz",
      "integrity": "sha512-GADtQmZCdgbnNp+daPLc3OY3ibEtGGDV/+CzeM3MFnhiQ7ELQKlsHWYq0YbYUXx4jU3/Y1erAxU6r+hwpewqmQ==",
      "funding": {
        "url": "https://paulmillr.com/funding/"
      }
    },
    "node_modules/@coracle.social/util/node_modules/@noble/curves": {
      "version": "1.2.0",
      "resolved": "https://registry.npmjs.org/@noble/curves/-/curves-1.2.0.tgz",
      "integrity": "sha512-oYclrNgRaM9SsBUBVbb8M6DTV7ZHRTKugureoYEncY5c65HOmRzvSiTE3y5CYaPYJA/GVkrhXEoF0M3Ya9PMnw==",
      "dependencies": {
        "@noble/hashes": "1.3.2"
      },
      "funding": {
        "url": "https://paulmillr.com/funding/"
      }
    },
    "node_modules/@coracle.social/util/node_modules/@noble/curves/node_modules/@noble/hashes": {
      "version": "1.3.2",
      "resolved": "https://registry.npmjs.org/@noble/hashes/-/hashes-1.3.2.tgz",
      "integrity": "sha512-MVC8EAQp7MvEcm30KWENFjgR+Mkmf+D189XJTkFIlwohU5hcBbn1ZkKq7KVTi2Hme3PMGF390DaL52beVrIihQ==",
      "engines": {
        "node": ">= 16"
      },
      "funding": {
        "url": "https://paulmillr.com/funding/"
      }
    },
    "node_modules/@coracle.social/util/node_modules/nostr-tools": {
      "version": "2.4.0",
      "resolved": "https://registry.npmjs.org/nostr-tools/-/nostr-tools-2.4.0.tgz",
      "integrity": "sha512-xQC7XdGeh0gLyprcKhvx5lwr7OQ+ZOiQ9C6GpzlVAj+EBv+AiN8kySb57t3uJoG1HK15oT9jf++MmQLwhp1xNQ==",
      "dependencies": {
        "@noble/ciphers": "^0.5.1",
        "@noble/curves": "1.2.0",
        "@noble/hashes": "1.3.1",
        "@scure/base": "1.1.1",
        "@scure/bip32": "1.3.1",
        "@scure/bip39": "1.2.1"
      },
      "optionalDependencies": {
        "nostr-wasm": "v0.1.0"
      },
      "peerDependencies": {
        "typescript": ">=5.0.0"
      },
      "peerDependenciesMeta": {
        "typescript": {
          "optional": true
        }
      }
    },
    "node_modules/@noble/ciphers": {
      "version": "0.2.0",
      "resolved": "https://registry.npmjs.org/@noble/ciphers/-/ciphers-0.2.0.tgz",
      "integrity": "sha512-6YBxJDAapHSdd3bLDv6x2wRPwq4QFMUaB3HvljNBUTThDd12eSm7/3F+2lnfzx2jvM+S6Nsy0jEt9QbPqSwqRw==",
      "funding": {
        "url": "https://paulmillr.com/funding/"
      }
    },
    "node_modules/@noble/curves": {
      "version": "1.1.0",
      "resolved": "https://registry.npmjs.org/@noble/curves/-/curves-1.1.0.tgz",
      "integrity": "sha512-091oBExgENk/kGj3AZmtBDMpxQPDtxQABR2B9lb1JbVTs6ytdzZNwvhxQ4MWasRNEzlbEH8jCWFCwhF/Obj5AA==",
      "dependencies": {
        "@noble/hashes": "1.3.1"
      },
      "funding": {
        "url": "https://paulmillr.com/funding/"
      }
    },
    "node_modules/@noble/hashes": {
      "version": "1.3.1",
      "resolved": "https://registry.npmjs.org/@noble/hashes/-/hashes-1.3.1.tgz",
      "integrity": "sha512-EbqwksQwz9xDRGfDST86whPBgM65E0OH/pCgqW0GBVzO22bNE+NuIbeTb714+IfSjU3aRk47EUvXIb5bTsenKA==",
      "engines": {
        "node": ">= 16"
      },
      "funding": {
        "url": "https://paulmillr.com/funding/"
      }
    },
    "node_modules/@scure/base": {
      "version": "1.1.1",
      "resolved": "https://registry.npmjs.org/@scure/base/-/base-1.1.1.tgz",
      "integrity": "sha512-ZxOhsSyxYwLJj3pLZCefNitxsj093tb2vq90mp2txoYeBqbcjDjqFhyM8eUjq/uFm6zJ+mUuqxlS2FkuSY1MTA==",
      "funding": [
        {
          "type": "individual",
          "url": "https://paulmillr.com/funding/"
        }
      ]
    },
    "node_modules/@scure/bip32": {
      "version": "1.3.1",
      "resolved": "https://registry.npmjs.org/@scure/bip32/-/bip32-1.3.1.tgz",
      "integrity": "sha512-osvveYtyzdEVbt3OfwwXFr4P2iVBL5u1Q3q4ONBfDY/UpOuXmOlbgwc1xECEboY8wIays8Yt6onaWMUdUbfl0A==",
      "dependencies": {
        "@noble/curves": "~1.1.0",
        "@noble/hashes": "~1.3.1",
        "@scure/base": "~1.1.0"
      },
      "funding": {
        "url": "https://paulmillr.com/funding/"
      }
    },
    "node_modules/@scure/bip39": {
      "version": "1.2.1",
      "resolved": "https://registry.npmjs.org/@scure/bip39/-/bip39-1.2.1.tgz",
      "integrity": "sha512-Z3/Fsz1yr904dduJD0NpiyRHhRYHdcnyh73FZWiV+/qhWi83wNJ3NWolYqCEN+ZWsUz2TWwajJggcRE9r1zUYg==",
      "dependencies": {
        "@noble/hashes": "~1.3.0",
        "@scure/base": "~1.1.0"
      },
      "funding": {
        "url": "https://paulmillr.com/funding/"
      }
    },
    "node_modules/dotenv": {
      "version": "16.4.5",
      "resolved": "https://registry.npmjs.org/dotenv/-/dotenv-16.4.5.tgz",
      "integrity": "sha512-ZmdL2rui+eB2YwhsWzjInR8LldtZHGDoQ1ugH85ppHKwpUHL7j7rN0Ti9NCnGiQbhaZ11FpR+7ao1dNsmduNUg==",
      "engines": {
        "node": ">=12"
      },
      "funding": {
        "url": "https://dotenvx.com"
      }
    },
    "node_modules/fuse.js": {
      "version": "7.0.0",
      "resolved": "https://registry.npmjs.org/fuse.js/-/fuse.js-7.0.0.tgz",
      "integrity": "sha512-14F4hBIxqKvD4Zz/XjDc3y94mNZN6pRv3U13Udo0lNLCWRBUsrMv2xwcF/y/Z5sV6+FQW+/ow68cHpm4sunt8Q==",
      "engines": {
        "node": ">=10"
      }
    },
    "node_modules/hurdak": {
      "version": "0.2.9",
      "resolved": "https://registry.npmjs.org/hurdak/-/hurdak-0.2.9.tgz",
      "integrity": "sha512-qZVQWk2BKSWpnGljS4QqR+Kwvm/a4zzVeRSlWdwzTt0mXQ0dgnfjdWE/Wlqi6oLQH+l2iW+oBmjcFtzpUnIu6A==",
      "dependencies": {
        "ramda": "^0.29.1"
      }
    },
    "node_modules/isomorphic-ws": {
      "version": "5.0.0",
      "resolved": "https://registry.npmjs.org/isomorphic-ws/-/isomorphic-ws-5.0.0.tgz",
      "integrity": "sha512-muId7Zzn9ywDsyXgTIafTry2sV3nySZeUDe6YedVd1Hvuuep5AsIlqK+XefWpYTyJG5e503F2xIuT2lcU6rCSw==",
      "peerDependencies": {
        "ws": "*"
      }
    },
    "node_modules/navigatr": {
      "version": "0.0.3",
      "resolved": "https://registry.npmjs.org/navigatr/-/navigatr-0.0.3.tgz",
      "integrity": "sha512-ktB321nb1XOCRwaU3sWXRuBL4nNbX5b2alW/s1v3nCzGuqwglvNsXnSlf4qm93n3lIwHjcFGrtuubS5sI8v6Xg==",
      "dependencies": {
        "dotenv": "^16.3.1",
        "nostr-tools": "^1.15.0",
        "paravel": "^0.3.5",
        "ws": "^8.14.2"
      }
    },
    "node_modules/navigatr/node_modules/paravel": {
      "version": "0.3.9",
      "resolved": "https://registry.npmjs.org/paravel/-/paravel-0.3.9.tgz",
      "integrity": "sha512-sSOs1E61TIZUQmDMmps1rRni3YYYPT0QlieyttGgR0uVueqVXt/d0cPVdSXILrCyIjbhvQSWlPqwpB+rD33gEw==",
      "dependencies": {
        "isomorphic-ws": "^5.0.0",
        "nostr-tools": "^1.15.0",
        "ws": "^8.14.2"
      }
    },
    "node_modules/nikabrik": {
      "version": "0.0.6",
      "resolved": "https://registry.npmjs.org/nikabrik/-/nikabrik-0.0.6.tgz",
      "integrity": "sha512-LIH3EVxw7THjfv5mRfDOrF62ENUg3flnDBXSLJPq6XfIQB8QOtNFqnCrYEkul69nwJpYF5hOc6PTSwShy/yFhw==",
      "dependencies": {
        "@coracle.social/lib": "^0.0.4",
        "@coracle.social/network": "^0.0.7",
        "@coracle.social/util": "^0.0.6",
        "dotenv": "^16.3.1",
        "fuse.js": "^7.0.0",
        "hurdak": "^0.2.6",
        "navigatr": "^0.0.3",
        "nostr-tools": "^1.15.0"
      }
    },
    "node_modules/nostr-tools": {
      "version": "1.17.0",
      "resolved": "https://registry.npmjs.org/nostr-tools/-/nostr-tools-1.17.0.tgz",
      "integrity": "sha512-LZmR8GEWKZeElbFV5Xte75dOeE9EFUW/QLI1Ncn3JKn0kFddDKEfBbFN8Mu4TMs+L4HR/WTPha2l+PPuRnJcMw==",
      "dependencies": {
        "@noble/ciphers": "0.2.0",
        "@noble/curves": "1.1.0",
        "@noble/hashes": "1.3.1",
        "@scure/base": "1.1.1",
        "@scure/bip32": "1.3.1",
        "@scure/bip39": "1.2.1"
      },
      "peerDependencies": {
        "typescript": ">=5.0.0"
      },
      "peerDependenciesMeta": {
        "typescript": {
          "optional": true
        }
      }
    },
    "node_modules/nostr-wasm": {
      "version": "0.1.0",
      "resolved": "https://registry.npmjs.org/nostr-wasm/-/nostr-wasm-0.1.0.tgz",
      "integrity": "sha512-78BTryCLcLYv96ONU8Ws3Q1JzjlAt+43pWQhIl86xZmWeegYCNLPml7yQ+gG3vR6V5h4XGj+TxO+SS5dsThQIA==",
      "optional": true
    },
    "node_modules/ramda": {
      "version": "0.29.1",
      "resolved": "https://registry.npmjs.org/ramda/-/ramda-0.29.1.tgz",
      "integrity": "sha512-OfxIeWzd4xdUNxlWhgFazxsA/nl3mS4/jGZI5n00uWOoSSFRhC1b6gl6xvmzUamgmqELraWp0J/qqVlXYPDPyA==",
      "funding": {
        "type": "opencollective",
        "url": "https://opencollective.com/ramda"
      }
    },
    "node_modules/throttle-debounce": {
      "version": "5.0.0",
      "resolved": "https://registry.npmjs.org/throttle-debounce/-/throttle-debounce-5.0.0.tgz",
      "integrity": "sha512-2iQTSgkkc1Zyk0MeVrt/3BvuOXYPl/R8Z0U2xxo9rjwNciaHDG3R+Lm6dh4EeUci49DanvBnuqI6jshoQQRGEg==",
      "engines": {
        "node": ">=12.22"
      }
    },
    "node_modules/ws": {
      "version": "8.16.0",
      "resolved": "https://registry.npmjs.org/ws/-/ws-8.16.0.tgz",
      "integrity": "sha512-HS0c//TP7Ina87TfiPUz1rQzMhHrl/SG2guqRcTOIUYD2q8uhUdNHZYJUaQ8aTGPzCh+c6oawMKW35nFl1dxyQ==",
      "engines": {
        "node": ">=10.0.0"
      },
      "peerDependencies": {
        "bufferutil": "^4.0.1",
        "utf-8-validate": ">=5.0.2"
      },
      "peerDependenciesMeta": {
        "bufferutil": {
          "optional": true
        },
        "utf-8-validate": {
          "optional": true
        }
      }
    }
  }
}
